
Microsoft Visual Studio Solution File, Format Version 12.00
# Visual Studio Version 16
VisualStudioVersion = 16.0.30002.166
MinimumVisualStudioVersion = 10.0.40219.1
Project("{9A19103F-16F7-4668-BE54-9A1E7A4F7556}") = "WebApp", "WebApp\WebApp.csproj", "{DE12D883-7E95-45A6-A5C0-C4DBB1D2ABB9}"
EndProject
Project("{2150E333-8FDC-42A3-9474-1A3956D46DE8}") = "Solution Items", "Solution Items", "{122D054A-542F-439F-8B12-D174CA379D25}"
	ProjectSection(SolutionItems) = preProject
		.editorconfig = .editorconfig
	EndProjectSection
EndProject
Global
	GlobalSection(SolutionConfigurationPlatforms) = preSolution
		Debug|Any CPU = Debug|Any CPU
		Release|Any CPU = Release|Any CPU
	EndGlobalSection
	GlobalSection(ProjectConfigurationPlatforms) = postSolution
		{DE12D883-7E95-45A6-A5C0-C4DBB1D2ABB9}.Debug|Any CPU.ActiveCfg = Debug|Any CPU
		{DE12D883-7E95-45A6-A5C0-C4DBB1D2ABB9}.Debug|Any CPU.Build.0 = Debug|Any CPU
		{DE12D883-7E95-45A6-A5C0-C4DBB1D2ABB9}.Release|Any CPU.ActiveCfg = Release|Any CPU
		{DE12D883-7E95-45A6-A5C0-C4DBB1D2ABB9}.Release|Any CPU.Build.0 = Release|Any CPU
	EndGlobalSection
	GlobalSection(SolutionProperties) = preSolution
		HideSolutionNode = FALSE
	EndGlobalSection
	GlobalSection(ExtensibilityGlobals) = postSolution
		SolutionGuid = {14B8F2C4-04AB-4BC0-9D33-4B44CA5AF223}
	EndGlobalSection
EndGlobal
